Microsoft Visual Studio Solution File, Format Version 12.00
# Visual Studio Version 17
VisualStudioVersion = 17.5.2.0
MinimumVisualStudioVersion = 10.0.40219.1
Project("{FAE04EC0-301F-11D3-BF4B-00C04F79EFBC}") = "Aula01Variaveis", "Aula01Variaveis.csproj", "{923B375A-6BEC-1DC8-3C2B-E2669810FBEA}"
EndProject
Global
	GlobalSection(SolutionConfigurationPlatforms) = preSolution
		Debug|Any CPU = Debug|Any CPU
		Release|Any CPU = Release|Any CPU
	EndGlobalSection
	GlobalSection(ProjectConfigurationPlatforms) = postSolution
		{923B375A-6BEC-1DC8-3C2B-E2669810FBEA}.Debug|Any CPU.ActiveCfg = Debug|Any CPU
		{923B375A-6BEC-1DC8-3C2B-E2669810FBEA}.Debug|Any CPU.Build.0 = Debug|Any CPU
		{923B375A-6BEC-1DC8-3C2B-E2669810FBEA}.Release|Any CPU.ActiveCfg = Release|Any CPU
		{923B375A-6BEC-1DC8-3C2B-E2669810FBEA}.Release|Any CPU.Build.0 = Release|Any CPU
	EndGlobalSection
	GlobalSection(SolutionProperties) = preSolution
		HideSolutionNode = FALSE
	EndGlobalSection
	GlobalSection(ExtensibilityGlobals) = postSolution
		SolutionGuid = {A6C1590A-9028-488E-9106-8FD32AC0B2B1}
	EndGlobalSection
EndGlobal
